
Microsoft Visual Studio Solution File, Format Version 12.00
# Visual Studio Version 17
VisualStudioVersion = 17.3.32929.385
MinimumVisualStudioVersion = 10.0.40219.1
Project("{FAE04EC0-301F-11D3-BF4B-00C04F79EFBC}") = "Testable code", "Testable code\Testable code.csproj", "{7BD516B6-E0BC-44B3-A0B7-FC75ECE411EA}"
EndProject
Global
	GlobalSection(SolutionConfigurationPlatforms) = preSolution
		Debug|Any CPU = Debug|Any CPU
		Release|Any CPU = Release|Any CPU
	EndGlobalSection
	GlobalSection(ProjectConfigurationPlatforms) = postSolution
		{7BD516B6-E0BC-44B3-A0B7-FC75ECE411EA}.Debug|Any CPU.ActiveCfg = Debug|Any CPU
		{7BD516B6-E0BC-44B3-A0B7-FC75ECE411EA}.Debug|Any CPU.Build.0 = Debug|Any CPU
		{7BD516B6-E0BC-44B3-A0B7-FC75ECE411EA}.Release|Any CPU.ActiveCfg = Release|Any CPU
		{7BD516B6-E0BC-44B3-A0B7-FC75ECE411EA}.Release|Any CPU.Build.0 = Release|Any CPU
	EndGlobalSection
	GlobalSection(SolutionProperties) = preSolution
		HideSolutionNode = FALSE
	EndGlobalSection
	GlobalSection(ExtensibilityGlobals) = postSolution
		SolutionGuid = {BBBDA95C-4A5F-4DBC-A958-ED7448ABBE58}
	EndGlobalSection
EndGlobal
